
Microsoft Visual Studio Solution File, Format Version 12.00
# Visual Studio Version 16
VisualStudioVersion = 16.0.30907.101
MinimumVisualStudioVersion = 10.0.40219.1
Project("{FAE04EC0-301F-11D3-BF4B-00C04F79EFBC}") = "EduxchangeApp.Android", "EduxchangeApp.Android\EduxchangeApp.Android.csproj", "{353BC25C-4166-463F-A9D7-26FB9FD267F4}"
EndProject
Project("{FAE04EC0-301F-11D3-BF4B-00C04F79EFBC}") = "EduxchangeApp.iOS", "EduxchangeApp.iOS\EduxchangeApp.iOS.csproj", "{EC4E150B-860A-4B9A-8D25-A82FF356139F}"
EndProject
Project("{FAE04EC0-301F-11D3-BF4B-00C04F79EFBC}") = "EduxchangeApp", "EduxchangeApp\EduxchangeApp.csproj", "{AF56BEE8-2669-4D9B-B490-079CFCA4CD53}"
EndProject
Global
	GlobalSection(SolutionConfigurationPlatforms) = preSolution
		Debug|Any CPU = Debug|Any CPU
		Debug|iPhone = Debug|iPhone
		Debug|iPhoneSimulator = Debug|iPhoneSimulator
		Release|Any CPU = Release|Any CPU
		Release|iPhone = Release|iPhone
		Release|iPhoneSimulator = Release|iPhoneSimulator
	EndGlobalSection
	GlobalSection(ProjectConfigurationPlatforms) = postSolution
		{353BC25C-4166-463F-A9D7-26FB9FD267F4}.Debug|Any CPU.ActiveCfg = Debug|Any CPU
		{353BC25C-4166-463F-A9D7-26FB9FD267F4}.Debug|Any CPU.Build.0 = Debug|Any CPU
		{353BC25C-4166-463F-A9D7-26FB9FD267F4}.Debug|Any CPU.Deploy.0 = Debug|Any CPU
		{353BC25C-4166-463F-A9D7-26FB9FD267F4}.Debug|iPhone.ActiveCfg = Debug|Any CPU
		{353BC25C-4166-463F-A9D7-26FB9FD267F4}.Debug|iPhone.Build.0 = Debug|Any CPU
		{353BC25C-4166-463F-A9D7-26FB9FD267F4}.Debug|iPhone.Deploy.0 = Debug|Any CPU
		{353BC25C-4166-463F-A9D7-26FB9FD267F4}.Debug|iPhoneSimulator.ActiveCfg = Debug|Any CPU
		{353BC25C-4166-463F-A9D7-26FB9FD267F4}.Debug|iPhoneSimulator.Build.0 = Debug|Any CPU
		{353BC25C-4166-463F-A9D7-26FB9FD267F4}.Debug|iPhoneSimulator.Deploy.0 = Debug|Any CPU
		{353BC25C-4166-463F-A9D7-26FB9FD267F4}.Release|Any CPU.ActiveCfg = Release|Any CPU
		{353BC25C-4166-463F-A9D7-26FB9FD267F4}.Release|Any CPU.Build.0 = Release|Any CPU
		{353BC25C-4166-463F-A9D7-26FB9FD267F4}.Release|Any CPU.Deploy.0 = Release|Any CPU
		{353BC25C-4166-463F-A9D7-26FB9FD267F4}.Release|iPhone.ActiveCfg = Release|Any CPU
		{353BC25C-4166-463F-A9D7-26FB9FD267F4}.Release|iPhone.Build.0 = Release|Any CPU
		{353BC25C-4166-463F-A9D7-26FB9FD267F4}.Release|iPhone.Deploy.0 = Release|Any CPU
		{353BC25C-4166-463F-A9D7-26FB9FD267F4}.Release|iPhoneSimulator.ActiveCfg = Release|Any CPU
		{353BC25C-4166-463F-A9D7-26FB9FD267F4}.Release|iPhoneSimulator.Build.0 = Release|Any CPU
		{353BC25C-4166-463F-A9D7-26FB9FD267F4}.Release|iPhoneSimulator.Deploy.0 = Release|Any CPU
		{EC4E150B-860A-4B9A-8D25-A82FF356139F}.Debug|Any CPU.ActiveCfg = Debug|iPhone
		{EC4E150B-860A-4B9A-8D25-A82FF356139F}.Debug|Any CPU.Build.0 = Debug|iPhone
		{EC4E150B-860A-4B9A-8D25-A82FF356139F}.Debug|Any CPU.Deploy.0 = Debug|iPhone
		{EC4E150B-860A-4B9A-8D25-A82FF356139F}.Debug|iPhone.ActiveCfg = Debug|iPhone
		{EC4E150B-860A-4B9A-8D25-A82FF356139F}.Debug|iPhone.Build.0 = Debug|iPhone
		{EC4E150B-860A-4B9A-8D25-A82FF356139F}.Debug|iPhone.Deploy.0 = Debug|iPhone
		{EC4E150B-860A-4B9A-8D25-A82FF356139F}.Debug|iPhoneSimulator.ActiveCfg = Debug|iPhoneSimulator
		{EC4E150B-860A-4B9A-8D25-A82FF356139F}.Debug|iPhoneSimulator.Build.0 = Debug|iPhoneSimulator
		{EC4E150B-860A-4B9A-8D25-A82FF356139F}.Debug|iPhoneSimulator.Deploy.0 = Debug|iPhoneSimulator
		{EC4E150B-860A-4B9A-8D25-A82FF356139F}.Release|Any CPU.ActiveCfg = Release|iPhoneSimulator
		{EC4E150B-860A-4B9A-8D25-A82FF356139F}.Release|Any CPU.Build.0 = Release|iPhoneSimulator
		{EC4E150B-860A-4B9A-8D25-A82FF356139F}.Release|Any CPU.Deploy.0 = Release|iPhoneSimulator
		{EC4E150B-860A-4B9A-8D25-A82FF356139F}.Release|iPhone.ActiveCfg = Release|iPhone
		{EC4E150B-860A-4B9A-8D25-A82FF356139F}.Release|iPhone.Build.0 = Release|iPhone
		{EC4E150B-860A-4B9A-8D25-A82FF356139F}.Release|iPhone.Deploy.0 = Release|iPhone
		{EC4E150B-860A-4B9A-8D25-A82FF356139F}.Release|iPhoneSimulator.ActiveCfg = Release|iPhoneSimulator
		{EC4E150B-860A-4B9A-8D25-A82FF356139F}.Release|iPhoneSimulator.Build.0 = Release|iPhoneSimulator
		{EC4E150B-860A-4B9A-8D25-A82FF356139F}.Release|iPhoneSimulator.Deploy.0 = Release|iPhoneSimulator
		{AF56BEE8-2669-4D9B-B490-079CFCA4CD53}.Debug|Any CPU.ActiveCfg = Debug|Any CPU
		{AF56BEE8-2669-4D9B-B490-079CFCA4CD53}.Debug|Any CPU.Build.0 = Debug|Any CPU
		{AF56BEE8-2669-4D9B-B490-079CFCA4CD53}.Debug|Any CPU.Deploy.0 = Debug|Any CPU
		{AF56BEE8-2669-4D9B-B490-079CFCA4CD53}.Debug|iPhone.ActiveCfg = Debug|Any CPU
		{AF56BEE8-2669-4D9B-B490-079CFCA4CD53}.Debug|iPhone.Build.0 = Debug|Any CPU
		{AF56BEE8-2669-4D9B-B490-079CFCA4CD53}.Debug|iPhone.Deploy.0 = Debug|Any CPU
		{AF56BEE8-2669-4D9B-B490-079CFCA4CD53}.Debug|iPhoneSimulator.ActiveCfg = Debug|Any CPU
		{AF56BEE8-2669-4D9B-B490-079CFCA4CD53}.Debug|iPhoneSimulator.Build.0 = Debug|Any CPU
		{AF56BEE8-2669-4D9B-B490-079CFCA4CD53}.Debug|iPhoneSimulator.Deploy.0 = Debug|Any CPU
		{AF56BEE8-2669-4D9B-B490-079CFCA4CD53}.Release|Any CPU.ActiveCfg = Release|Any CPU
		{AF56BEE8-2669-4D9B-B490-079CFCA4CD53}.Release|Any CPU.Build.0 = Release|Any CPU
		{AF56BEE8-2669-4D9B-B490-079CFCA4CD53}.Release|Any CPU.Deploy.0 = Release|Any CPU
		{AF56BEE8-2669-4D9B-B490-079CFCA4CD53}.Release|iPhone.ActiveCfg = Release|Any CPU
		{AF56BEE8-2669-4D9B-B490-079CFCA4CD53}.Release|iPhone.Build.0 = Release|Any CPU
		{AF56BEE8-2669-4D9B-B490-079CFCA4CD53}.Release|iPhone.Deploy.0 = Release|Any CPU
		{AF56BEE8-2669-4D9B-B490-079CFCA4CD53}.Release|iPhoneSimulator.ActiveCfg = Release|Any CPU
		{AF56BEE8-2669-4D9B-B490-079CFCA4CD53}.Release|iPhoneSimulator.Build.0 = Release|Any CPU
		{AF56BEE8-2669-4D9B-B490-079CFCA4CD53}.Release|iPhoneSimulator.Deploy.0 = Release|Any CPU
	EndGlobalSection
	GlobalSection(SolutionProperties) = preSolution
		HideSolutionNode = FALSE
	EndGlobalSection
	GlobalSection(ExtensibilityGlobals) = postSolution
		SolutionGuid = {9C5A15C1-9BBD-4B71-97E8-924FD71D2E65}
	EndGlobalSection
EndGlobal
